{
  "requires": true,
  "lockfileVersion": 1,
  "dependencies": {
    "@kolkov/ngx-gallery": {
      "version": "1.2.0",
      "resolved": "https://registry.npmjs.org/@kolkov/ngx-gallery/-/ngx-gallery-1.2.0.tgz",
      "integrity": "sha512-z54/Km0VEG/dg50nnTjAFWsvjGE/pNXcbseoXqXEvqBDkj/caRAZ8iLbfbgaMuMBbQeKGOT7aTBFfkYr8WiyIw=="
    }
  }
}
